{
  "name": "car-festival",
  "version": "1.0.0",
  "lockfileVersion": 2,
  "requires": true,
  "packages": {
    "": {
      "version": "1.0.0",
      "dependencies": {
        "polyglot": "^0.5.0"
      }
    },
    "node_modules/polyglot": {
      "version": "0.5.0",
      "resolved": "https://registry.npmjs.org/polyglot/-/polyglot-0.5.0.tgz",
      "integrity": "sha1-H3NM1CY7hsGhIEamJnraMjUihpI=",
      "engines": {
        "node": ">0.6"
      }
    }
  },
  "dependencies": {
    "polyglot": {
      "version": "0.5.0",
      "resolved": "https://registry.npmjs.org/polyglot/-/polyglot-0.5.0.tgz",
      "integrity": "sha1-H3NM1CY7hsGhIEamJnraMjUihpI="
    }
  }
}
